# This file is automatically @generated by Cargo.
# It is not intended for manual editing.
version = 4

[[package]]
name = "oxidor"
version = "0.0.1"
dependencies = [
 "oxidor-cpsat",
]

[[package]]
name = "oxidor-cpsat"
version = "0.0.1"
dependencies = [
 "oxidor-protos",
 "oxidor-sys",
]

[[package]]
name = "oxidor-protos"
version = "0.0.1"

[[package]]
name = "oxidor-sys"
version = "0.0.1"
